
Microsoft Visual Studio Solution File, Format Version 12.00
# Visual Studio 15
VisualStudioVersion = 15.0.28010.2036
MinimumVisualStudioVersion = 10.0.40219.1
Project("{FAE04EC0-301F-11D3-BF4B-00C04F79EFBC}") = "GrandCircusLab7", "GrandCircusLab7\GrandCircusLab7.csproj", "{7E7F1C62-0B82-49CD-9FEB-229CF9A1E754}"
EndProject
Global
	GlobalSection(SolutionConfigurationPlatforms) = preSolution
		Debug|Any CPU = Debug|Any CPU
		Release|Any CPU = Release|Any CPU
	EndGlobalSection
	GlobalSection(ProjectConfigurationPlatforms) = postSolution
		{7E7F1C62-0B82-49CD-9FEB-229CF9A1E754}.Debug|Any CPU.ActiveCfg = Debug|Any CPU
		{7E7F1C62-0B82-49CD-9FEB-229CF9A1E754}.Debug|Any CPU.Build.0 = Debug|Any CPU
		{7E7F1C62-0B82-49CD-9FEB-229CF9A1E754}.Release|Any CPU.ActiveCfg = Release|Any CPU
		{7E7F1C62-0B82-49CD-9FEB-229CF9A1E754}.Release|Any CPU.Build.0 = Release|Any CPU
	EndGlobalSection
	GlobalSection(SolutionProperties) = preSolution
		HideSolutionNode = FALSE
	EndGlobalSection
	GlobalSection(ExtensibilityGlobals) = postSolution
		SolutionGuid = {77A16CD3-331E-48F1-AC66-29BB550E2F36}
	EndGlobalSection
EndGlobal
